
Microsoft Visual Studio Solution File, Format Version 12.00
# Visual Studio Version 17
VisualStudioVersion = 17.1.32203.90
MinimumVisualStudioVersion = 10.0.40219.1
Project("{FAE04EC0-301F-11D3-BF4B-00C04F79EFBC}") = "WCF_Service_1", "WCF_Service_1.csproj", "{658A75EA-4E28-4C1D-838E-50D30B951C65}"
EndProject
Global
	GlobalSection(SolutionConfigurationPlatforms) = preSolution
		Debug|Any CPU = Debug|Any CPU
		Release|Any CPU = Release|Any CPU
	EndGlobalSection
	GlobalSection(ProjectConfigurationPlatforms) = postSolution
		{658A75EA-4E28-4C1D-838E-50D30B951C65}.Debug|Any CPU.ActiveCfg = Debug|Any CPU
		{658A75EA-4E28-4C1D-838E-50D30B951C65}.Debug|Any CPU.Build.0 = Debug|Any CPU
		{658A75EA-4E28-4C1D-838E-50D30B951C65}.Release|Any CPU.ActiveCfg = Release|Any CPU
		{658A75EA-4E28-4C1D-838E-50D30B951C65}.Release|Any CPU.Build.0 = Release|Any CPU
	EndGlobalSection
	GlobalSection(SolutionProperties) = preSolution
		HideSolutionNode = FALSE
	EndGlobalSection
	GlobalSection(ExtensibilityGlobals) = postSolution
		SolutionGuid = {ACEA2C8F-4512-40D7-83AB-9FE75B97D601}
	EndGlobalSection
EndGlobal
